// !$*UTF8*$!
{
	archiveVersion = 1;
	classes = {
	};
	objectVersion = 50;
	objects = {

/* Begin PBXBuildFile section */
		0CDA0C1E95864DFCE04EF628 /* Pods_CodingDemoTests.framework in Frameworks */ = {isa = PBXBuildFile; fileRef = F26F36974BD6C40A46920416 /* Pods_CodingDemoTests.framework */; };
		EFE8C635707AAFABE1C6762E /* Pods_CodingDemo.framework in Frameworks */ = {isa = PBXBuildFile; fileRef = 1E0B6BC2A3987A07E159F650 /* Pods_CodingDemo.framework */; };
		F513CB90218260B1006F1248 /* AppDelegate.swift in Sources */ = {isa = PBXBuildFile; fileRef = F513CB8F218260B1006F1248 /* AppDelegate.swift */; };
		F513CB97218260B4006F1248 /* Assets.xcassets in Resources */ = {isa = PBXBuildFile; fileRef = F513CB96218260B4006F1248 /* Assets.xcassets */; };
		F513CB9A218260B4006F1248 /* LaunchScreen.storyboard in Resources */ = {isa = PBXBuildFile; fileRef = F513CB98218260B4006F1248 /* LaunchScreen.storyboard */; };
		F513CBA5218260B5006F1248 /* NumbersFactsViewModelTests.swift in Sources */ = {isa = PBXBuildFile; fileRef = F513CBA4218260B5006F1248 /* NumbersFactsViewModelTests.swift */; };
		F513CBB72182689E006F1248 /* TabBarController.swift in Sources */ = {isa = PBXBuildFile; fileRef = F513CBB62182689E006F1248 /* TabBarController.swift */; };
		F513CBBA21826B6A006F1248 /* AppCoordinator.swift in Sources */ = {isa = PBXBuildFile; fileRef = F513CBB921826B6A006F1248 /* AppCoordinator.swift */; };
		F513CBBC21826DD6006F1248 /* Tracker.swift in Sources */ = {isa = PBXBuildFile; fileRef = F513CBBB21826DD6006F1248 /* Tracker.swift */; };
		F513CBC021826F34006F1248 /* BaseViewController.swift in Sources */ = {isa = PBXBuildFile; fileRef = F513CBBF21826F34006F1248 /* BaseViewController.swift */; };
		F513CBC621826FBC006F1248 /* NumbersFactsViewModel.swift in Sources */ = {isa = PBXBuildFile; fileRef = F513CBC521826FBC006F1248 /* NumbersFactsViewModel.swift */; };
		F513CBC821826FEE006F1248 /* NumbersService.swift in Sources */ = {isa = PBXBuildFile; fileRef = F513CBC721826FEE006F1248 /* NumbersService.swift */; };
		F513CBCB218270C4006F1248 /* NumbersFactsViewController.swift in Sources */ = {isa = PBXBuildFile; fileRef = F513CBC9218270C4006F1248 /* NumbersFactsViewController.swift */; };
		F513CBCC218270C4006F1248 /* NumbersFactsView.xib in Resources */ = {isa = PBXBuildFile; fileRef = F513CBCA218270C4006F1248 /* NumbersFactsView.xib */; };
		F513CBCF21827446006F1248 /* UIColorExtensions.swift in Sources */ = {isa = PBXBuildFile; fileRef = F513CBCE21827446006F1248 /* UIColorExtensions.swift */; };
		F513CBD1218275B8006F1248 /* NumbersFactsView.swift in Sources */ = {isa = PBXBuildFile; fileRef = F513CBD0218275B8006F1248 /* NumbersFactsView.swift */; };
		F513CBD5218277D8006F1248 /* RxExtensions.swift in Sources */ = {isa = PBXBuildFile; fileRef = F513CBD4218277D8006F1248 /* RxExtensions.swift */; };
		F513CBD721827C32006F1248 /* NumberFact.swift in Sources */ = {isa = PBXBuildFile; fileRef = F513CBD621827C32006F1248 /* NumberFact.swift */; };
		F513CBD921827C41006F1248 /* NumberFactType.swift in Sources */ = {isa = PBXBuildFile; fileRef = F513CBD821827C41006F1248 /* NumberFactType.swift */; };
		F513CBDB21828526006F1248 /* WordsGenerator.swift in Sources */ = {isa = PBXBuildFile; fileRef = F513CBDA21828526006F1248 /* WordsGenerator.swift */; };
		F513CBDE218287FC006F1248 /* NumberFactViewData.swift in Sources */ = {isa = PBXBuildFile; fileRef = F513CBDD218287FC006F1248 /* NumberFactViewData.swift */; };
		F513CBE021829880006F1248 /* CustomError.swift in Sources */ = {isa = PBXBuildFile; fileRef = F513CBDF21829880006F1248 /* CustomError.swift */; };
		F573750621845FFA00916E28 /* NumbersServiceMock.swift in Sources */ = {isa = PBXBuildFile; fileRef = F573750521845FFA00916E28 /* NumbersServiceMock.swift */; };
		F573750821847F2900916E28 /* NumbersFactsViewControllerState.swift in Sources */ = {isa = PBXBuildFile; fileRef = F573750721847F2900916E28 /* NumbersFactsViewControllerState.swift */; };
		F5F947DA21886B28009975A9 /* NumbersFactsScreenUITests.swift in Sources */ = {isa = PBXBuildFile; fileRef = F5F947D921886B28009975A9 /* NumbersFactsScreenUITests.swift */; };
		F5F947E321887098009975A9 /* BaseTestCase.swift in Sources */ = {isa = PBXBuildFile; fileRef = F5F947E221887098009975A9 /* BaseTestCase.swift */; };
/* End PBXBuildFile section */

/* Begin PBXContainerItemProxy section */
		F513CBA1218260B5006F1248 /* PBXContainerItemProxy */ = {
			isa = PBXContainerItemProxy;
			containerPortal = F513CB84218260B1006F1248 /* Project object */;
			proxyType = 1;
			remoteGlobalIDString = F513CB8B218260B1006F1248;
			remoteInfo = CodingDemo;
		};
		F5F947DC21886B28009975A9 /* PBXContainerItemProxy */ = {
			isa = PBXContainerItemProxy;
			containerPortal = F513CB84218260B1006F1248 /* Project object */;
			proxyType = 1;
			remoteGlobalIDString = F513CB8B218260B1006F1248;
			remoteInfo = CodingDemo;
		};
/* End PBXContainerItemProxy section */

/* Begin PBXFileReference section */
		10A1084145B57C9D3AE5EFDC /* Pods-CodingDemoTests.debug.xcconfig */ = {isa = PBXFileReference; includeInIndex = 1; lastKnownFileType = text.xcconfig; name = "Pods-CodingDemoTests.debug.xcconfig"; path = "Pods/Target Support Files/Pods-CodingDemoTests/Pods-CodingDemoTests.debug.xcconfig"; sourceTree = "<group>"; };
		1E0B6BC2A3987A07E159F650 /* Pods_CodingDemo.framework */ = {isa = PBXFileReference; explicitFileType = wrapper.framework; includeInIndex = 0; path = Pods_CodingDemo.framework; sourceTree = BUILT_PRODUCTS_DIR; };
		2774609889E4C413C8904AF5 /* Pods-CodingDemoTests.release.xcconfig */ = {isa = PBXFileReference; includeInIndex = 1; lastKnownFileType = text.xcconfig; name = "Pods-CodingDemoTests.release.xcconfig"; path = "Pods/Target Support Files/Pods-CodingDemoTests/Pods-CodingDemoTests.release.xcconfig"; sourceTree = "<group>"; };
		BA798C3E7C35D441C8DB6E25 /* Pods-CodingDemo.release.xcconfig */ = {isa = PBXFileReference; includeInIndex = 1; lastKnownFileType = text.xcconfig; name = "Pods-CodingDemo.release.xcconfig"; path = "Pods/Target Support Files/Pods-CodingDemo/Pods-CodingDemo.release.xcconfig"; sourceTree = "<group>"; };
		C73F2CA153BF707893A54770 /* Pods-CodingDemo.debug.xcconfig */ = {isa = PBXFileReference; includeInIndex = 1; lastKnownFileType = text.xcconfig; name = "Pods-CodingDemo.debug.xcconfig"; path = "Pods/Target Support Files/Pods-CodingDemo/Pods-CodingDemo.debug.xcconfig"; sourceTree = "<group>"; };
		F26F36974BD6C40A46920416 /* Pods_CodingDemoTests.framework */ = {isa = PBXFileReference; explicitFileType = wrapper.framework; includeInIndex = 0; path = Pods_CodingDemoTests.framework; sourceTree = BUILT_PRODUCTS_DIR; };
		F513CB8C218260B1006F1248 /* CodingDemo.app */ = {isa = PBXFileReference; explicitFileType = wrapper.application; includeInIndex = 0; path = CodingDemo.app; sourceTree = BUILT_PRODUCTS_DIR; };
		F513CB8F218260B1006F1248 /* AppDelegate.swift */ = {isa = PBXFileReference; lastKnownFileType = sourcecode.swift; path = AppDelegate.swift; sourceTree = "<group>"; };
		F513CB96218260B4006F1248 /* Assets.xcassets */ = {isa = PBXFileReference; lastKnownFileType = folder.assetcatalog; path = Assets.xcassets; sourceTree = "<group>"; };
		F513CB99218260B4006F1248 /* Base */ = {isa = PBXFileReference; lastKnownFileType = file.storyboard; name = Base; path = Base.lproj/LaunchScreen.storyboard; sourceTree = "<group>"; };
		F513CB9B218260B4006F1248 /* Info.plist */ = {isa = PBXFileReference; lastKnownFileType = text.plist.xml; path = Info.plist; sourceTree = "<group>"; };
		F513CBA0218260B5006F1248 /* CodingDemoTests.xctest */ = {isa = PBXFileReference; explicitFileType = wrapper.cfbundle; includeInIndex = 0; path = CodingDemoTests.xctest; sourceTree = BUILT_PRODUCTS_DIR; };
		F513CBA4218260B5006F1248 /* NumbersFactsViewModelTests.swift */ = {isa = PBXFileReference; lastKnownFileType = sourcecode.swift; path = NumbersFactsViewModelTests.swift; sourceTree = "<group>"; };
		F513CBA6218260B5006F1248 /* Info.plist */ = {isa = PBXFileReference; lastKnownFileType = text.plist.xml; path = Info.plist; sourceTree = "<group>"; };
		F513CBB62182689E006F1248 /* TabBarController.swift */ = {isa = PBXFileReference; lastKnownFileType = sourcecode.swift; path = TabBarController.swift; sourceTree = "<group>"; };
		F513CBB921826B6A006F1248 /* AppCoordinator.swift */ = {isa = PBXFileReference; lastKnownFileType = sourcecode.swift; path = AppCoordinator.swift; sourceTree = "<group>"; };
		F513CBBB21826DD6006F1248 /* Tracker.swift */ = {isa = PBXFileReference; lastKnownFileType = sourcecode.swift; path = Tracker.swift; sourceTree = "<group>"; };
		F513CBBF21826F34006F1248 /* BaseViewController.swift */ = {isa = PBXFileReference; lastKnownFileType = sourcecode.swift; path = BaseViewController.swift; sourceTree = "<group>"; };
		F513CBC521826FBC006F1248 /* NumbersFactsViewModel.swift */ = {isa = PBXFileReference; lastKnownFileType = sourcecode.swift; path = NumbersFactsViewModel.swift; sourceTree = "<group>"; };
		F513CBC721826FEE006F1248 /* NumbersService.swift */ = {isa = PBXFileReference; lastKnownFileType = sourcecode.swift; path = NumbersService.swift; sourceTree = "<group>"; };
		F513CBC9218270C4006F1248 /* NumbersFactsViewController.swift */ = {isa = PBXFileReference; lastKnownFileType = sourcecode.swift; path = NumbersFactsViewController.swift; sourceTree = "<group>"; };
		F513CBCA218270C4006F1248 /* NumbersFactsView.xib */ = {isa = PBXFileReference; lastKnownFileType = file.xib; path = NumbersFactsView.xib; sourceTree = "<group>"; };
		F513CBCE21827446006F1248 /* UIColorExtensions.swift */ = {isa = PBXFileReference; lastKnownFileType = sourcecode.swift; path = UIColorExtensions.swift; sourceTree = "<group>"; };
		F513CBD0218275B8006F1248 /* NumbersFactsView.swift */ = {isa = PBXFileReference; lastKnownFileType = sourcecode.swift; path = NumbersFactsView.swift; sourceTree = "<group>"; };
		F513CBD4218277D8006F1248 /* RxExtensions.swift */ = {isa = PBXFileReference; lastKnownFileType = sourcecode.swift; path = RxExtensions.swift; sourceTree = "<group>"; };
		F513CBD621827C32006F1248 /* NumberFact.swift */ = {isa = PBXFileReference; lastKnownFileType = sourcecode.swift; path = NumberFact.swift; sourceTree = "<group>"; };
		F513CBD821827C41006F1248 /* NumberFactType.swift */ = {isa = PBXFileReference; lastKnownFileType = sourcecode.swift; path = NumberFactType.swift; sourceTree = "<group>"; };
		F513CBDA21828526006F1248 /* WordsGenerator.swift */ = {isa = PBXFileReference; lastKnownFileType = sourcecode.swift; path = WordsGenerator.swift; sourceTree = "<group>"; };
		F513CBDD218287FC006F1248 /* NumberFactViewData.swift */ = {isa = PBXFileReference; lastKnownFileType = sourcecode.swift; path = NumberFactViewData.swift; sourceTree = "<group>"; };
		F513CBDF21829880006F1248 /* CustomError.swift */ = {isa = PBXFileReference; lastKnownFileType = sourcecode.swift; path = CustomError.swift; sourceTree = "<group>"; };
		F573750521845FFA00916E28 /* NumbersServiceMock.swift */ = {isa = PBXFileReference; lastKnownFileType = sourcecode.swift; path = NumbersServiceMock.swift; sourceTree = "<group>"; };
		F573750721847F2900916E28 /* NumbersFactsViewControllerState.swift */ = {isa = PBXFileReference; lastKnownFileType = sourcecode.swift; path = NumbersFactsViewControllerState.swift; sourceTree = "<group>"; };
		F5F947D721886B27009975A9 /* CodingDemoUITests.xctest */ = {isa = PBXFileReference; explicitFileType = wrapper.cfbundle; includeInIndex = 0; path = CodingDemoUITests.xctest; sourceTree = BUILT_PRODUCTS_DIR; };
		F5F947D921886B28009975A9 /* NumbersFactsScreenUITests.swift */ = {isa = PBXFileReference; lastKnownFileType = sourcecode.swift; path = NumbersFactsScreenUITests.swift; sourceTree = "<group>"; };
		F5F947DB21886B28009975A9 /* Info.plist */ = {isa = PBXFileReference; lastKnownFileType = text.plist.xml; path = Info.plist; sourceTree = "<group>"; };
		F5F947E221887098009975A9 /* BaseTestCase.swift */ = {isa = PBXFileReference; lastKnownFileType = sourcecode.swift; path = BaseTestCase.swift; sourceTree = "<group>"; };
/* End PBXFileReference section */

/* Begin PBXFrameworksBuildPhase section */
		F513CB89218260B1006F1248 /* Frameworks */ = {
			isa = PBXFrameworksBuildPhase;
			buildActionMask = 2147483647;
			files = (
				EFE8C635707AAFABE1C6762E /* Pods_CodingDemo.framework in Frameworks */,
			);
			runOnlyForDeploymentPostprocessing = 0;
		};
		F513CB9D218260B5006F1248 /* Frameworks */ = {
			isa = PBXFrameworksBuildPhase;
			buildActionMask = 2147483647;
			files = (
				0CDA0C1E95864DFCE04EF628 /* Pods_CodingDemoTests.framework in Frameworks */,
			);
			runOnlyForDeploymentPostprocessing = 0;
		};
		F5F947D421886B27009975A9 /* Frameworks */ = {
			isa = PBXFrameworksBuildPhase;
			buildActionMask = 2147483647;
			files = (
			);
			runOnlyForDeploymentPostprocessing = 0;
		};
/* End PBXFrameworksBuildPhase section */

/* Begin PBXGroup section */
		25B0372BB409684A6876A11E /* Frameworks */ = {
			isa = PBXGroup;
			children = (
				1E0B6BC2A3987A07E159F650 /* Pods_CodingDemo.framework */,
				F26F36974BD6C40A46920416 /* Pods_CodingDemoTests.framework */,
			);
			name = Frameworks;
			sourceTree = "<group>";
		};
		C1DCA6DBAFBE12CFD182D692 /* Pods */ = {
			isa = PBXGroup;
			children = (
				C73F2CA153BF707893A54770 /* Pods-CodingDemo.debug.xcconfig */,
				BA798C3E7C35D441C8DB6E25 /* Pods-CodingDemo.release.xcconfig */,
				10A1084145B57C9D3AE5EFDC /* Pods-CodingDemoTests.debug.xcconfig */,
				2774609889E4C413C8904AF5 /* Pods-CodingDemoTests.release.xcconfig */,
			);
			name = Pods;
			sourceTree = "<group>";
		};
		F513CB83218260B1006F1248 = {
			isa = PBXGroup;
			children = (
				F513CB8E218260B1006F1248 /* CodingDemo */,
				F513CBA3218260B5006F1248 /* CodingDemoTests */,
				F5F947D821886B28009975A9 /* CodingDemoUITests */,
				F513CB8D218260B1006F1248 /* Products */,
				C1DCA6DBAFBE12CFD182D692 /* Pods */,
				25B0372BB409684A6876A11E /* Frameworks */,
			);
			sourceTree = "<group>";
		};
		F513CB8D218260B1006F1248 /* Products */ = {
			isa = PBXGroup;
			children = (
				F513CB8C218260B1006F1248 /* CodingDemo.app */,
				F513CBA0218260B5006F1248 /* CodingDemoTests.xctest */,
				F5F947D721886B27009975A9 /* CodingDemoUITests.xctest */,
			);
			name = Products;
			sourceTree = "<group>";
		};
		F513CB8E218260B1006F1248 /* CodingDemo */ = {
			isa = PBXGroup;
			children = (
				F513CBB0218265A7006F1248 /* App */,
				F513CBB1218265AF006F1248 /* Base */,
				F513CBB2218265B8006F1248 /* Classes */,
				F513CBB3218265D6006F1248 /* Models */,
				F513CBB4218265D6006F1248 /* Services */,
				F513CBAF2182659C006F1248 /* Recources */,
			);
			path = CodingDemo;
			sourceTree = "<group>";
		};
		F513CBA3218260B5006F1248 /* CodingDemoTests */ = {
			isa = PBXGroup;
			children = (
				F5F947E121887086009975A9 /* Base */,
				F573750421845F2B00916E28 /* Mocks */,
				F513CBA4218260B5006F1248 /* NumbersFactsViewModelTests.swift */,
				F513CBA6218260B5006F1248 /* Info.plist */,
			);
			path = CodingDemoTests;
			sourceTree = "<group>";
		};
		F513CBAF2182659C006F1248 /* Recources */ = {
			isa = PBXGroup;
			children = (
				F513CB96218260B4006F1248 /* Assets.xcassets */,
				F513CB98218260B4006F1248 /* LaunchScreen.storyboard */,
				F513CB9B218260B4006F1248 /* Info.plist */,
			);
			path = Recources;
			sourceTree = "<group>";
		};
		F513CBB0218265A7006F1248 /* App */ = {
			isa = PBXGroup;
			children = (
				F513CB8F218260B1006F1248 /* AppDelegate.swift */,
				F513CBB921826B6A006F1248 /* AppCoordinator.swift */,
			);
			path = App;
			sourceTree = "<group>";
		};
		F513CBB1218265AF006F1248 /* Base */ = {
			isa = PBXGroup;
			children = (
				F513CBCD2182743B006F1248 /* Extensions */,
				F513CBBE21826F24006F1248 /* BaseClasses */,
			);
			path = Base;
			sourceTree = "<group>";
		};
		F513CBB2218265B8006F1248 /* Classes */ = {
			isa = PBXGroup;
			children = (
				F513CBBD21826EF3006F1248 /* NumbersFacts */,
				F513CBB52182688B006F1248 /* TabBar */,
			);
			path = Classes;
			sourceTree = "<group>";
		};
		F513CBB3218265D6006F1248 /* Models */ = {
			isa = PBXGroup;
			children = (
				F513CBD621827C32006F1248 /* NumberFact.swift */,
				F513CBD821827C41006F1248 /* NumberFactType.swift */,
				F513CBDF21829880006F1248 /* CustomError.swift */,
			);
			path = Models;
			sourceTree = "<group>";
		};
		F513CBB4218265D6006F1248 /* Services */ = {
			isa = PBXGroup;
			children = (
				F513CBBB21826DD6006F1248 /* Tracker.swift */,
				F513CBC721826FEE006F1248 /* NumbersService.swift */,
				F513CBDA21828526006F1248 /* WordsGenerator.swift */,
			);
			path = Services;
			sourceTree = "<group>";
		};
		F513CBB52182688B006F1248 /* TabBar */ = {
			isa = PBXGroup;
			children = (
				F513CBB62182689E006F1248 /* TabBarController.swift */,
			);
			path = TabBar;
			sourceTree = "<group>";
		};
		F513CBBD21826EF3006F1248 /* NumbersFacts */ = {
			isa = PBXGroup;
			children = (
				F513CBDC218287F3006F1248 /* Models */,
				F513CBC421826FAB006F1248 /* ViewModels */,
				F513CBD22182763F006F1248 /* Views */,
				F513CBC321826FA4006F1248 /* Controllers */,
			);
			path = NumbersFacts;
			sourceTree = "<group>";
		};
		F513CBBE21826F24006F1248 /* BaseClasses */ = {
			isa = PBXGroup;
			children = (
				F513CBBF21826F34006F1248 /* BaseViewController.swift */,
			);
			path = BaseClasses;
			sourceTree = "<group>";
		};
		F513CBC321826FA4006F1248 /* Controllers */ = {
			isa = PBXGroup;
			children = (
				F513CBC9218270C4006F1248 /* NumbersFactsViewController.swift */,
			);
			path = Controllers;
			sourceTree = "<group>";
		};
		F513CBC421826FAB006F1248 /* ViewModels */ = {
			isa = PBXGroup;
			children = (
				F513CBC521826FBC006F1248 /* NumbersFactsViewModel.swift */,
			);
			path = ViewModels;
			sourceTree = "<group>";
		};
		F513CBCD2182743B006F1248 /* Extensions */ = {
			isa = PBXGroup;
			children = (
				F513CBCE21827446006F1248 /* UIColorExtensions.swift */,
				F513CBD4218277D8006F1248 /* RxExtensions.swift */,
			);
			path = Extensions;
			sourceTree = "<group>";
		};
		F513CBD22182763F006F1248 /* Views */ = {
			isa = PBXGroup;
			children = (
				F513CBD321827651006F1248 /* NumbersFactsView */,
			);
			path = Views;
			sourceTree = "<group>";
		};
		F513CBD321827651006F1248 /* NumbersFactsView */ = {
			isa = PBXGroup;
			children = (
				F513CBD0218275B8006F1248 /* NumbersFactsView.swift */,
				F513CBCA218270C4006F1248 /* NumbersFactsView.xib */,
			);
			path = NumbersFactsView;
			sourceTree = "<group>";
		};
		F513CBDC218287F3006F1248 /* Models */ = {
			isa = PBXGroup;
			children = (
				F513CBDD218287FC006F1248 /* NumberFactViewData.swift */,
				F573750721847F2900916E28 /* NumbersFactsViewControllerState.swift */,
			);
			path = Models;
			sourceTree = "<group>";
		};
		F573750421845F2B00916E28 /* Mocks */ = {
			isa = PBXGroup;
			children = (
				F573750521845FFA00916E28 /* NumbersServiceMock.swift */,
			);
			path = Mocks;
			sourceTree = "<group>";
		};
		F5F947D821886B28009975A9 /* CodingDemoUITests */ = {
			isa = PBXGroup;
			children = (
				F5F947D921886B28009975A9 /* NumbersFactsScreenUITests.swift */,
				F5F947DB21886B28009975A9 /* Info.plist */,
			);
			path = CodingDemoUITests;
			sourceTree = "<group>";
		};
		F5F947E121887086009975A9 /* Base */ = {
			isa = PBXGroup;
			children = (
				F5F947E221887098009975A9 /* BaseTestCase.swift */,
			);
			path = Base;
			sourceTree = "<group>";
		};
/* End PBXGroup section */

/* Begin PBXNativeTarget section */
		F513CB8B218260B1006F1248 /* CodingDemo */ = {
			isa = PBXNativeTarget;
			buildConfigurationList = F513CBA9218260B5006F1248 /* Build configuration list for PBXNativeTarget "CodingDemo" */;
			buildPhases = (
				B554C678EEB544EF7CD823A1 /* [CP] Check Pods Manifest.lock */,
				F513CB88218260B1006F1248 /* Sources */,
				F513CB89218260B1006F1248 /* Frameworks */,
				F513CB8A218260B1006F1248 /* Resources */,
				749035C4ED8151552A7D7732 /* [CP] Embed Pods Frameworks */,
				F513CBB821826935006F1248 /* Swiftlint */,
			);
			buildRules = (
			);
			dependencies = (
			);
			name = CodingDemo;
			productName = CodingDemo;
			productReference = F513CB8C218260B1006F1248 /* CodingDemo.app */;
			productType = "com.apple.product-type.application";
		};
		F513CB9F218260B5006F1248 /* CodingDemoTests */ = {
			isa = PBXNativeTarget;
			buildConfigurationList = F513CBAC218260B5006F1248 /* Build configuration list for PBXNativeTarget "CodingDemoTests" */;
			buildPhases = (
				7FC4A41F1526BC9B0EB30B77 /* [CP] Check Pods Manifest.lock */,
				F513CB9C218260B5006F1248 /* Sources */,
				F513CB9D218260B5006F1248 /* Frameworks */,
				F513CB9E218260B5006F1248 /* Resources */,
				4A339ADC81C8E12E6816C00D /* [CP] Embed Pods Frameworks */,
			);
			buildRules = (
			);
			dependencies = (
				F513CBA2218260B5006F1248 /* PBXTargetDependency */,
			);
			name = CodingDemoTests;
			productName = CodingDemoTests;
			productReference = F513CBA0218260B5006F1248 /* CodingDemoTests.xctest */;
			productType = "com.apple.product-type.bundle.unit-test";
		};
		F5F947D621886B27009975A9 /* CodingDemoUITests */ = {
			isa = PBXNativeTarget;
			buildConfigurationList = F5F947E021886B28009975A9 /* Build configuration list for PBXNativeTarget "CodingDemoUITests" */;
			buildPhases = (
				F5F947D321886B27009975A9 /* Sources */,
				F5F947D421886B27009975A9 /* Frameworks */,
				F5F947D521886B27009975A9 /* Resources */,
			);
			buildRules = (
			);
			dependencies = (
				F5F947DD21886B28009975A9 /* PBXTargetDependency */,
			);
			name = CodingDemoUITests;
			productName = CodingDemoUITests;
			productReference = F5F947D721886B27009975A9 /* CodingDemoUITests.xctest */;
			productType = "com.apple.product-type.bundle.ui-testing";
		};
/* End PBXNativeTarget section */

/* Begin PBXProject section */
		F513CB84218260B1006F1248 /* Project object */ = {
			isa = PBXProject;
			attributes = {
				LastSwiftUpdateCheck = 1000;
				LastUpgradeCheck = 1000;
				ORGANIZATIONNAME = "Tung Fam";
				TargetAttributes = {
					F513CB8B218260B1006F1248 = {
						CreatedOnToolsVersion = 10.0;
					};
					F513CB9F218260B5006F1248 = {
						CreatedOnToolsVersion = 10.0;
						TestTargetID = F513CB8B218260B1006F1248;
					};
					F5F947D621886B27009975A9 = {
						CreatedOnToolsVersion = 10.0;
						TestTargetID = F513CB8B218260B1006F1248;
					};
				};
			};
			buildConfigurationList = F513CB87218260B1006F1248 /* Build configuration list for PBXProject "CodingDemo" */;
			compatibilityVersion = "Xcode 9.3";
			developmentRegion = en;
			hasScannedForEncodings = 0;
			knownRegions = (
				en,
				Base,
			);
			mainGroup = F513CB83218260B1006F1248;
			productRefGroup = F513CB8D218260B1006F1248 /* Products */;
			projectDirPath = "";
			projectRoot = "";
			targets = (
				F513CB8B218260B1006F1248 /* CodingDemo */,
				F513CB9F218260B5006F1248 /* CodingDemoTests */,
				F5F947D621886B27009975A9 /* CodingDemoUITests */,
			);
		};
/* End PBXProject section */

/* Begin PBXResourcesBuildPhase section */
		F513CB8A218260B1006F1248 /* Resources */ = {
			isa = PBXResourcesBuildPhase;
			buildActionMask = 2147483647;
			files = (
				F513CB9A218260B4006F1248 /* LaunchScreen.storyboard in Resources */,
				F513CB97218260B4006F1248 /* Assets.xcassets in Resources */,
				F513CBCC218270C4006F1248 /* NumbersFactsView.xib in Resources */,
			);
			runOnlyForDeploymentPostprocessing = 0;
		};
		F513CB9E218260B5006F1248 /* Resources */ = {
			isa = PBXResourcesBuildPhase;
			buildActionMask = 2147483647;
			files = (
			);
			runOnlyForDeploymentPostprocessing = 0;
		};
		F5F947D521886B27009975A9 /* Resources */ = {
			isa = PBXResourcesBuildPhase;
			buildActionMask = 2147483647;
			files = (
			);
			runOnlyForDeploymentPostprocessing = 0;
		};
/* End PBXResourcesBuildPhase section */

/* Begin PBXShellScriptBuildPhase section */
		4A339ADC81C8E12E6816C00D /* [CP] Embed Pods Frameworks */ = {
			isa = PBXShellScriptBuildPhase;
			buildActionMask = 2147483647;
			files = (
			);
			inputFileListPaths = (
			);
			inputPaths = (
				"${SRCROOT}/Pods/Target Support Files/Pods-CodingDemoTests/Pods-CodingDemoTests-frameworks.sh",
				"${BUILT_PRODUCTS_DIR}/RxSwift/RxSwift.framework",
				"${BUILT_PRODUCTS_DIR}/RxTest/RxTest.framework",
			);
			name = "[CP] Embed Pods Frameworks";
			outputFileListPaths = (
			);
			outputPaths = (
				"${TARGET_BUILD_DIR}/${FRAMEWORKS_FOLDER_PATH}/RxSwift.framework",
				"${TARGET_BUILD_DIR}/${FRAMEWORKS_FOLDER_PATH}/RxTest.framework",
			);
			runOnlyForDeploymentPostprocessing = 0;
			shellPath = /bin/sh;
			shellScript = "\"${SRCROOT}/Pods/Target Support Files/Pods-CodingDemoTests/Pods-CodingDemoTests-frameworks.sh\"\n";
			showEnvVarsInLog = 0;
		};
		749035C4ED8151552A7D7732 /* [CP] Embed Pods Frameworks */ = {
			isa = PBXShellScriptBuildPhase;
			buildActionMask = 2147483647;
			files = (
			);
			inputFileListPaths = (
			);
			inputPaths = (
				"${SRCROOT}/Pods/Target Support Files/Pods-CodingDemo/Pods-CodingDemo-frameworks.sh",
				"${BUILT_PRODUCTS_DIR}/RxCocoa/RxCocoa.framework",
				"${BUILT_PRODUCTS_DIR}/RxSwift/RxSwift.framework",
			);
			name = "[CP] Embed Pods Frameworks";
			outputFileListPaths = (
			);
			outputPaths = (
				"${TARGET_BUILD_DIR}/${FRAMEWORKS_FOLDER_PATH}/RxCocoa.framework",
				"${TARGET_BUILD_DIR}/${FRAMEWORKS_FOLDER_PATH}/RxSwift.framework",
			);
			runOnlyForDeploymentPostprocessing = 0;
			shellPath = /bin/sh;
			shellScript = "\"${SRCROOT}/Pods/Target Support Files/Pods-CodingDemo/Pods-CodingDemo-frameworks.sh\"\n";
			showEnvVarsInLog = 0;
		};
		7FC4A41F1526BC9B0EB30B77 /* [CP] Check Pods Manifest.lock */ = {
			isa = PBXShellScriptBuildPhase;
			buildActionMask = 2147483647;
			files = (
			);
			inputFileListPaths = (
			);
			inputPaths = (
				"${PODS_PODFILE_DIR_PATH}/Podfile.lock",
				"${PODS_ROOT}/Manifest.lock",
			);
			name = "[CP] Check Pods Manifest.lock";
			outputFileListPaths = (
			);
			outputPaths = (
				"$(DERIVED_FILE_DIR)/Pods-CodingDemoTests-checkManifestLockResult.txt",
			);
			runOnlyForDeploymentPostprocessing = 0;
			shellPath = /bin/sh;
			shellScript = "diff \"${PODS_PODFILE_DIR_PATH}/Podfile.lock\" \"${PODS_ROOT}/Manifest.lock\" > /dev/null\nif [ $? != 0 ] ; then\n    # print error to STDERR\n    echo \"error: The sandbox is not in sync with the Podfile.lock. Run 'pod install' or update your CocoaPods installation.\" >&2\n    exit 1\nfi\n# This output is used by Xcode 'outputs' to avoid re-running this script phase.\necho \"SUCCESS\" > \"${SCRIPT_OUTPUT_FILE_0}\"\n";
			showEnvVarsInLog = 0;
		};
		B554C678EEB544EF7CD823A1 /* [CP] Check Pods Manifest.lock */ = {
			isa = PBXShellScriptBuildPhase;
			buildActionMask = 2147483647;
			files = (
			);
			inputFileListPaths = (
			);
			inputPaths = (
				"${PODS_PODFILE_DIR_PATH}/Podfile.lock",
				"${PODS_ROOT}/Manifest.lock",
			);
			name = "[CP] Check Pods Manifest.lock";
			outputFileListPaths = (
			);
			outputPaths = (
				"$(DERIVED_FILE_DIR)/Pods-CodingDemo-checkManifestLockResult.txt",
			);
			runOnlyForDeploymentPostprocessing = 0;
			shellPath = /bin/sh;
			shellScript = "diff \"${PODS_PODFILE_DIR_PATH}/Podfile.lock\" \"${PODS_ROOT}/Manifest.lock\" > /dev/null\nif [ $? != 0 ] ; then\n    # print error to STDERR\n    echo \"error: The sandbox is not in sync with the Podfile.lock. Run 'pod install' or update your CocoaPods installation.\" >&2\n    exit 1\nfi\n# This output is used by Xcode 'outputs' to avoid re-running this script phase.\necho \"SUCCESS\" > \"${SCRIPT_OUTPUT_FILE_0}\"\n";
			showEnvVarsInLog = 0;
		};
		F513CBB821826935006F1248 /* Swiftlint */ = {
			isa = PBXShellScriptBuildPhase;
			buildActionMask = 2147483647;
			files = (
			);
			inputFileListPaths = (
			);
			inputPaths = (
			);
			name = Swiftlint;
			outputFileListPaths = (
			);
			outputPaths = (
			);
			runOnlyForDeploymentPostprocessing = 0;
			shellPath = /bin/sh;
			shellScript = "\"${PODS_ROOT}/SwiftLint/swiftlint\"\n";
		};
/* End PBXShellScriptBuildPhase section */

/* Begin PBXSourcesBuildPhase section */
		F513CB88218260B1006F1248 /* Sources */ = {
			isa = PBXSourcesBuildPhase;
			buildActionMask = 2147483647;
			files = (
				F513CBCF21827446006F1248 /* UIColorExtensions.swift in Sources */,
				F513CBE021829880006F1248 /* CustomError.swift in Sources */,
				F513CBD921827C41006F1248 /* NumberFactType.swift in Sources */,
				F513CBC621826FBC006F1248 /* NumbersFactsViewModel.swift in Sources */,
				F513CBC021826F34006F1248 /* BaseViewController.swift in Sources */,
				F513CBCB218270C4006F1248 /* NumbersFactsViewController.swift in Sources */,
				F513CBDB21828526006F1248 /* WordsGenerator.swift in Sources */,
				F513CBBC21826DD6006F1248 /* Tracker.swift in Sources */,
				F513CBC821826FEE006F1248 /* NumbersService.swift in Sources */,
				F513CBD721827C32006F1248 /* NumberFact.swift in Sources */,
				F513CBBA21826B6A006F1248 /* AppCoordinator.swift in Sources */,
				F573750821847F2900916E28 /* NumbersFactsViewControllerState.swift in Sources */,
				F513CBD1218275B8006F1248 /* NumbersFactsView.swift in Sources */,
				F513CB90218260B1006F1248 /* AppDelegate.swift in Sources */,
				F513CBB72182689E006F1248 /* TabBarController.swift in Sources */,
				F513CBDE218287FC006F1248 /* NumberFactViewData.swift in Sources */,
				F513CBD5218277D8006F1248 /* RxExtensions.swift in Sources */,
			);
			runOnlyForDeploymentPostprocessing = 0;
		};
		F513CB9C218260B5006F1248 /* Sources */ = {
			isa = PBXSourcesBuildPhase;
			buildActionMask = 2147483647;
			files = (
				F573750621845FFA00916E28 /* NumbersServiceMock.swift in Sources */,
				F5F947E321887098009975A9 /* BaseTestCase.swift in Sources */,
				F513CBA5218260B5006F1248 /* NumbersFactsViewModelTests.swift in Sources */,
			);
			runOnlyForDeploymentPostprocessing = 0;
		};
		F5F947D321886B27009975A9 /* Sources */ = {
			isa = PBXSourcesBuildPhase;
			buildActionMask = 2147483647;
			files = (
				F5F947DA21886B28009975A9 /* NumbersFactsScreenUITests.swift in Sources */,
			);
			runOnlyForDeploymentPostprocessing = 0;
		};
/* End PBXSourcesBuildPhase section */

/* Begin PBXTargetDependency section */
		F513CBA2218260B5006F1248 /* PBXTargetDependency */ = {
			isa = PBXTargetDependency;
			target = F513CB8B218260B1006F1248 /* CodingDemo */;
			targetProxy = F513CBA1218260B5006F1248 /* PBXContainerItemProxy */;
		};
		F5F947DD21886B28009975A9 /* PBXTargetDependency */ = {
			isa = PBXTargetDependency;
			target = F513CB8B218260B1006F1248 /* CodingDemo */;
			targetProxy = F5F947DC21886B28009975A9 /* PBXContainerItemProxy */;
		};
/* End PBXTargetDependency section */

/* Begin PBXVariantGroup section */
		F513CB98218260B4006F1248 /* LaunchScreen.storyboard */ = {
			isa = PBXVariantGroup;
			children = (
				F513CB99218260B4006F1248 /* Base */,
			);
			name = LaunchScreen.storyboard;
			sourceTree = "<group>";
		};
/* End PBXVariantGroup section */

/* Begin XCBuildConfiguration section */
		F513CBA7218260B5006F1248 /* Debug */ = {
			isa = XCBuildConfiguration;
			buildSettings = {
				ALWAYS_SEARCH_USER_PATHS = NO;
				CLANG_ANALYZER_NONNULL = YES;
				CLANG_ANALYZER_NUMBER_OBJECT_CONVERSION = YES_AGGRESSIVE;
				CLANG_CXX_LANGUAGE_STANDARD = "gnu++14";
				CLANG_CXX_LIBRARY = "libc++";
				CLANG_ENABLE_MODULES = YES;
				CLANG_ENABLE_OBJC_ARC = YES;
				CLANG_ENABLE_OBJC_WEAK = YES;
				CLANG_WARN_BLOCK_CAPTURE_AUTORELEASING = YES;
				CLANG_WARN_BOOL_CONVERSION = YES;
				CLANG_WARN_COMMA = YES;
				CLANG_WARN_CONSTANT_CONVERSION = YES;
				CLANG_WARN_DEPRECATED_OBJC_IMPLEMENTATIONS = YES;
				CLANG_WARN_DIRECT_OBJC_ISA_USAGE = YES_ERROR;
				CLANG_WARN_DOCUMENTATION_COMMENTS = YES;
				CLANG_WARN_EMPTY_BODY = YES;
				CLANG_WARN_ENUM_CONVERSION = YES;
				CLANG_WARN_INFINITE_RECURSION = YES;
				CLANG_WARN_INT_CONVERSION = YES;
				CLANG_WARN_NON_LITERAL_NULL_CONVERSION = YES;
				CLANG_WARN_OBJC_IMPLICIT_RETAIN_SELF = YES;
				CLANG_WARN_OBJC_LITERAL_CONVERSION = YES;
				CLANG_WARN_OBJC_ROOT_CLASS = YES_ERROR;
				CLANG_WARN_RANGE_LOOP_ANALYSIS = YES;
				CLANG_WARN_STRICT_PROTOTYPES = YES;
				CLANG_WARN_SUSPICIOUS_MOVE = YES;
				CLANG_WARN_UNGUARDED_AVAILABILITY = YES_AGGRESSIVE;
				CLANG_WARN_UNREACHABLE_CODE = YES;
				CLANG_WARN__DUPLICATE_METHOD_MATCH = YES;
				CODE_SIGN_IDENTITY = "iPhone Developer";
				COPY_PHASE_STRIP = NO;
				DEBUG_INFORMATION_FORMAT = dwarf;
				ENABLE_STRICT_OBJC_MSGSEND = YES;
				ENABLE_TESTABILITY = YES;
				GCC_C_LANGUAGE_STANDARD = gnu11;
				GCC_DYNAMIC_NO_PIC = NO;
				GCC_NO_COMMON_BLOCKS = YES;
				GCC_OPTIMIZATION_LEVEL = 0;
				GCC_PREPROCESSOR_DEFINITIONS = (
					"DEBUG=1",
					"$(inherited)",
				);
				GCC_WARN_64_TO_32_BIT_CONVERSION = YES;
				GCC_WARN_ABOUT_RETURN_TYPE = YES_ERROR;
				GCC_WARN_UNDECLARED_SELECTOR = YES;
				GCC_WARN_UNINITIALIZED_AUTOS = YES_AGGRESSIVE;
				GCC_WARN_UNUSED_FUNCTION = YES;
				GCC_WARN_UNUSED_VARIABLE = YES;
				IPHONEOS_DEPLOYMENT_TARGET = 12.0;
				MTL_ENABLE_DEBUG_INFO = INCLUDE_SOURCE;
				MTL_FAST_MATH = YES;
				ONLY_ACTIVE_ARCH = YES;
				SDKROOT = iphoneos;
				SWIFT_ACTIVE_COMPILATION_CONDITIONS = DEBUG;
				SWIFT_OPTIMIZATION_LEVEL = "-Onone";
			};
			name = Debug;
		};
		F513CBA8218260B5006F1248 /* Release */ = {
			isa = XCBuildConfiguration;
			buildSettings = {
				ALWAYS_SEARCH_USER_PATHS = NO;
				CLANG_ANALYZER_NONNULL = YES;
				CLANG_ANALYZER_NUMBER_OBJECT_CONVERSION = YES_AGGRESSIVE;
				CLANG_CXX_LANGUAGE_STANDARD = "gnu++14";
				CLANG_CXX_LIBRARY = "libc++";
				CLANG_ENABLE_MODULES = YES;
				CLANG_ENABLE_OBJC_ARC = YES;
				CLANG_ENABLE_OBJC_WEAK = YES;
				CLANG_WARN_BLOCK_CAPTURE_AUTORELEASING = YES;
				CLANG_WARN_BOOL_CONVERSION = YES;
				CLANG_WARN_COMMA = YES;
				CLANG_WARN_CONSTANT_CONVERSION = YES;
				CLANG_WARN_DEPRECATED_OBJC_IMPLEMENTATIONS = YES;
				CLANG_WARN_DIRECT_OBJC_ISA_USAGE = YES_ERROR;
				CLANG_WARN_DOCUMENTATION_COMMENTS = YES;
				CLANG_WARN_EMPTY_BODY = YES;
				CLANG_WARN_ENUM_CONVERSION = YES;
				CLANG_WARN_INFINITE_RECURSION = YES;
				CLANG_WARN_INT_CONVERSION = YES;
				CLANG_WARN_NON_LITERAL_NULL_CONVERSION = YES;
				CLANG_WARN_OBJC_IMPLICIT_RETAIN_SELF = YES;
				CLANG_WARN_OBJC_LITERAL_CONVERSION = YES;
				CLANG_WARN_OBJC_ROOT_CLASS = YES_ERROR;
				CLANG_WARN_RANGE_LOOP_ANALYSIS = YES;
				CLANG_WARN_STRICT_PROTOTYPES = YES;
				CLANG_WARN_SUSPICIOUS_MOVE = YES;
				CLANG_WARN_UNGUARDED_AVAILABILITY = YES_AGGRESSIVE;
				CLANG_WARN_UNREACHABLE_CODE = YES;
				CLANG_WARN__DUPLICATE_METHOD_MATCH = YES;
				CODE_SIGN_IDENTITY = "iPhone Developer";
				COPY_PHASE_STRIP = NO;
				DEBUG_INFORMATION_FORMAT = "dwarf-with-dsym";
				ENABLE_NS_ASSERTIONS = NO;
				ENABLE_STRICT_OBJC_MSGSEND = YES;
				GCC_C_LANGUAGE_STANDARD = gnu11;
				GCC_NO_COMMON_BLOCKS = YES;
				GCC_WARN_64_TO_32_BIT_CONVERSION = YES;
				GCC_WARN_ABOUT_RETURN_TYPE = YES_ERROR;
				GCC_WARN_UNDECLARED_SELECTOR = YES;
				GCC_WARN_UNINITIALIZED_AUTOS = YES_AGGRESSIVE;
				GCC_WARN_UNUSED_FUNCTION = YES;
				GCC_WARN_UNUSED_VARIABLE = YES;
				IPHONEOS_DEPLOYMENT_TARGET = 12.0;
				MTL_ENABLE_DEBUG_INFO = NO;
				MTL_FAST_MATH = YES;
				SDKROOT = iphoneos;
				SWIFT_COMPILATION_MODE = wholemodule;
				SWIFT_OPTIMIZATION_LEVEL = "-O";
				VALIDATE_PRODUCT = YES;
			};
			name = Release;
		};
		F513CBAA218260B5006F1248 /* Debug */ = {
			isa = XCBuildConfiguration;
			baseConfigurationReference = C73F2CA153BF707893A54770 /* Pods-CodingDemo.debug.xcconfig */;
			buildSettings = {
				ASSETCATALOG_COMPILER_APPICON_NAME = AppIcon;
				CODE_SIGN_STYLE = Automatic;
				DEVELOPMENT_TEAM = YZT3W6BM9X;
				INFOPLIST_FILE = CodingDemo/Recources/Info.plist;
				LD_RUNPATH_SEARCH_PATHS = (
					"$(inherited)",
					"@executable_path/Frameworks",
				);
				PRODUCT_BUNDLE_IDENTIFIER = com.tung.fam.CodingDemo;
				PRODUCT_NAME = "$(TARGET_NAME)";
				SWIFT_VERSION = 4.2;
				TARGETED_DEVICE_FAMILY = "1,2";
			};
			name = Debug;
		};
		F513CBAB218260B5006F1248 /* Release */ = {
			isa = XCBuildConfiguration;
			baseConfigurationReference = BA798C3E7C35D441C8DB6E25 /* Pods-CodingDemo.release.xcconfig */;
			buildSettings = {
				ASSETCATALOG_COMPILER_APPICON_NAME = AppIcon;
				CODE_SIGN_STYLE = Automatic;
				DEVELOPMENT_TEAM = YZT3W6BM9X;
				INFOPLIST_FILE = CodingDemo/Recources/Info.plist;
				LD_RUNPATH_SEARCH_PATHS = (
					"$(inherited)",
					"@executable_path/Frameworks",
				);
				PRODUCT_BUNDLE_IDENTIFIER = com.tung.fam.CodingDemo;
				PRODUCT_NAME = "$(TARGET_NAME)";
				SWIFT_VERSION = 4.2;
				TARGETED_DEVICE_FAMILY = "1,2";
			};
			name = Release;
		};
		F513CBAD218260B5006F1248 /* Debug */ = {
			isa = XCBuildConfiguration;
			baseConfigurationReference = 10A1084145B57C9D3AE5EFDC /* Pods-CodingDemoTests.debug.xcconfig */;
			buildSettings = {
				ALWAYS_EMBED_SWIFT_STANDARD_LIBRARIES = YES;
				BUNDLE_LOADER = "$(TEST_HOST)";
				CODE_SIGN_STYLE = Automatic;
				DEVELOPMENT_TEAM = YZT3W6BM9X;
				INFOPLIST_FILE = CodingDemoTests/Info.plist;
				LD_RUNPATH_SEARCH_PATHS = (
					"$(inherited)",
					"@executable_path/Frameworks",
					"@loader_path/Frameworks",
				);
				PRODUCT_BUNDLE_IDENTIFIER = com.tung.fam.CodingDemoTests;
				PRODUCT_NAME = "$(TARGET_NAME)";
				SWIFT_VERSION = 4.2;
				TARGETED_DEVICE_FAMILY = "1,2";
				TEST_HOST = "$(BUILT_PRODUCTS_DIR)/CodingDemo.app/CodingDemo";
			};
			name = Debug;
		};
		F513CBAE218260B5006F1248 /* Release */ = {
			isa = XCBuildConfiguration;
			baseConfigurationReference = 2774609889E4C413C8904AF5 /* Pods-CodingDemoTests.release.xcconfig */;
			buildSettings = {
				ALWAYS_EMBED_SWIFT_STANDARD_LIBRARIES = YES;
				BUNDLE_LOADER = "$(TEST_HOST)";
				CODE_SIGN_STYLE = Automatic;
				DEVELOPMENT_TEAM = YZT3W6BM9X;
				INFOPLIST_FILE = CodingDemoTests/Info.plist;
				LD_RUNPATH_SEARCH_PATHS = (
					"$(inherited)",
					"@executable_path/Frameworks",
					"@loader_path/Frameworks",
				);
				PRODUCT_BUNDLE_IDENTIFIER = com.tung.fam.CodingDemoTests;
				PRODUCT_NAME = "$(TARGET_NAME)";
				SWIFT_VERSION = 4.2;
				TARGETED_DEVICE_FAMILY = "1,2";
				TEST_HOST = "$(BUILT_PRODUCTS_DIR)/CodingDemo.app/CodingDemo";
			};
			name = Release;
		};
		F5F947DE21886B28009975A9 /* Debug */ = {
			isa = XCBuildConfiguration;
			buildSettings = {
				CODE_SIGN_STYLE = Automatic;
				DEVELOPMENT_TEAM = YZT3W6BM9X;
				INFOPLIST_FILE = CodingDemoUITests/Info.plist;
				LD_RUNPATH_SEARCH_PATHS = (
					"$(inherited)",
					"@executable_path/Frameworks",
					"@loader_path/Frameworks",
				);
				PRODUCT_BUNDLE_IDENTIFIER = com.tung.fam.CodingDemoUITests;
				PRODUCT_NAME = "$(TARGET_NAME)";
				SWIFT_VERSION = 4.2;
				TARGETED_DEVICE_FAMILY = "1,2";
				TEST_TARGET_NAME = CodingDemo;
			};
			name = Debug;
		};
		F5F947DF21886B28009975A9 /* Release */ = {
			isa = XCBuildConfiguration;
			buildSettings = {
				CODE_SIGN_STYLE = Automatic;
				DEVELOPMENT_TEAM = YZT3W6BM9X;
				INFOPLIST_FILE = CodingDemoUITests/Info.plist;
				LD_RUNPATH_SEARCH_PATHS = (
					"$(inherited)",
					"@executable_path/Frameworks",
					"@loader_path/Frameworks",
				);
				PRODUCT_BUNDLE_IDENTIFIER = com.tung.fam.CodingDemoUITests;
				PRODUCT_NAME = "$(TARGET_NAME)";
				SWIFT_VERSION = 4.2;
				TARGETED_DEVICE_FAMILY = "1,2";
				TEST_TARGET_NAME = CodingDemo;
			};
			name = Release;
		};
/* End XCBuildConfiguration section */

/* Begin XCConfigurationList section */
		F513CB87218260B1006F1248 /* Build configuration list for PBXProject "CodingDemo" */ = {
			isa = XCConfigurationList;
			buildConfigurations = (
				F513CBA7218260B5006F1248 /* Debug */,
				F513CBA8218260B5006F1248 /* Release */,
			);
			defaultConfigurationIsVisible = 0;
			defaultConfigurationName = Release;
		};
		F513CBA9218260B5006F1248 /* Build configuration list for PBXNativeTarget "CodingDemo" */ = {
			isa = XCConfigurationList;
			buildConfigurations = (
				F513CBAA218260B5006F1248 /* Debug */,
				F513CBAB218260B5006F1248 /* Release */,
			);
			defaultConfigurationIsVisible = 0;
			defaultConfigurationName = Release;
		};
		F513CBAC218260B5006F1248 /* Build configuration list for PBXNativeTarget "CodingDemoTests" */ = {
			isa = XCConfigurationList;
			buildConfigurations = (
				F513CBAD218260B5006F1248 /* Debug */,
				F513CBAE218260B5006F1248 /* Release */,
			);
			defaultConfigurationIsVisible = 0;
			defaultConfigurationName = Release;
		};
		F5F947E021886B28009975A9 /* Build configuration list for PBXNativeTarget "CodingDemoUITests" */ = {
			isa = XCConfigurationList;
			buildConfigurations = (
				F5F947DE21886B28009975A9 /* Debug */,
				F5F947DF21886B28009975A9 /* Release */,
			);
			defaultConfigurationIsVisible = 0;
			defaultConfigurationName = Release;
		};
/* End XCConfigurationList section */
	};
	rootObject = F513CB84218260B1006F1248 /* Project object */;
}
